
Microsoft Visual Studio Solution File, Format Version 12.00
# Visual Studio 15
VisualStudioVersion = 15.0.28307.168
MinimumVisualStudioVersion = 10.0.40219.1
Project("{FAE04EC0-301F-11D3-BF4B-00C04F79EFBC}") = "BlockChainApp", "BlockChainApp\BlockChainApp.csproj", "{DFBFBA4D-8897-4FDC-8BE8-7C713514B4D2}"
EndProject
Global
	GlobalSection(SolutionConfigurationPlatforms) = preSolution
		Debug|Any CPU = Debug|Any CPU
		Release|Any CPU = Release|Any CPU
	EndGlobalSection
	GlobalSection(ProjectConfigurationPlatforms) = postSolution
		{DFBFBA4D-8897-4FDC-8BE8-7C713514B4D2}.Debug|Any CPU.ActiveCfg = Debug|Any CPU
		{DFBFBA4D-8897-4FDC-8BE8-7C713514B4D2}.Debug|Any CPU.Build.0 = Debug|Any CPU
		{DFBFBA4D-8897-4FDC-8BE8-7C713514B4D2}.Release|Any CPU.ActiveCfg = Release|Any CPU
		{DFBFBA4D-8897-4FDC-8BE8-7C713514B4D2}.Release|Any CPU.Build.0 = Release|Any CPU
	EndGlobalSection
	GlobalSection(SolutionProperties) = preSolution
		HideSolutionNode = FALSE
	EndGlobalSection
	GlobalSection(ExtensibilityGlobals) = postSolution
		SolutionGuid = {75448D02-06E7-4CDD-833D-3D6F107BE9B9}
	EndGlobalSection
EndGlobal
